
Microsoft Visual Studio Solution File, Format Version 12.00
Project("{2150E333-8FDC-42A3-9474-1A3956D46DE8}") = "src", "src", "{21347BFF-C2F5-48FC-BD92-CC2A871BF068}"
EndProject
Project("{2150E333-8FDC-42A3-9474-1A3956D46DE8}") = "test", "test", "{3004F0B0-1F66-4507-99B4-43549C8FA72C}"
EndProject
Project("{2150E333-8FDC-42A3-9474-1A3956D46DE8}") = "UI", "UI", "{950BAF54-7A5E-4F40-BCDA-B88F058465E0}"
EndProject
Project("{2150E333-8FDC-42A3-9474-1A3956D46DE8}") = "Core", "Core", "{5CC39C60-94CE-4370-8CE9-0434F17DE911}"
EndProject
Project("{2150E333-8FDC-42A3-9474-1A3956D46DE8}") = "Infrastructure", "Infrastructure", "{1FC631B4-7754-4BD5-A7CB-B4C62BE4FACF}"
EndProject
Project("{2150E333-8FDC-42A3-9474-1A3956D46DE8}") = "API", "API", "{BE5F4927-ABAC-478C-98C6-EED4EDFA4E87}"
EndProject
Project("{FAE04EC0-301F-11D3-BF4B-00C04F79EFBC}") = "HR.LeaveManagement.Domain", "HR.LeaveManagement.Domain\HR.LeaveManagement.Domain.csproj", "{D4B45C1E-3940-4F9C-818B-1974160E81CB}"
EndProject
Project("{FAE04EC0-301F-11D3-BF4B-00C04F79EFBC}") = "HR.LeaveManagement.Application", "HR.LeaveManagement.Application\HR.LeaveManagement.Application.csproj", "{C28F07FA-C512-4E49-9B9B-7DA2721F4795}"
EndProject
Project("{FAE04EC0-301F-11D3-BF4B-00C04F79EFBC}") = "HR.LeaveManagement.Persistance", "HR.LeaveManagement.Persistance\HR.LeaveManagement.Persistance.csproj", "{387664A9-845D-4E9F-BA2E-C02F4441B446}"
EndProject
Project("{FAE04EC0-301F-11D3-BF4B-00C04F79EFBC}") = "HR.LeaveManagement.Infrastructure", "HR.LeaveManagement.Infrastructure\HR.LeaveManagement.Infrastructure.csproj", "{AF69C1F7-0ACB-4198-81D8-F8E1902BB7E0}"
EndProject
Project("{FAE04EC0-301F-11D3-BF4B-00C04F79EFBC}") = "HR.LeaveManagement.Api", "HR.LeaveManagement.Api\HR.LeaveManagement.Api.csproj", "{7D4AED0F-59B0-44DF-A407-E5A95FEB309D}"
EndProject
Project("{FAE04EC0-301F-11D3-BF4B-00C04F79EFBC}") = "HR.LeaveManagement.BlazorUI", "HR.LeaveManagement.BlazorUI\HR.LeaveManagement.BlazorUI.csproj", "{5D1E77DF-48AF-4DEF-B09C-B7E539F5E97F}"
EndProject
Project("{FAE04EC0-301F-11D3-BF4B-00C04F79EFBC}") = "HR.LeaveManagement.Identity", "HR.LeaveManagement.Identity\HR.LeaveManagement.Identity.csproj", "{ED261789-C284-435B-AB07-7A7CD5B76A39}"
EndProject
Global
	GlobalSection(SolutionConfigurationPlatforms) = preSolution
		Debug|Any CPU = Debug|Any CPU
		Release|Any CPU = Release|Any CPU
	EndGlobalSection
	GlobalSection(NestedProjects) = preSolution
		{950BAF54-7A5E-4F40-BCDA-B88F058465E0} = {21347BFF-C2F5-48FC-BD92-CC2A871BF068}
		{5CC39C60-94CE-4370-8CE9-0434F17DE911} = {21347BFF-C2F5-48FC-BD92-CC2A871BF068}
		{1FC631B4-7754-4BD5-A7CB-B4C62BE4FACF} = {21347BFF-C2F5-48FC-BD92-CC2A871BF068}
		{BE5F4927-ABAC-478C-98C6-EED4EDFA4E87} = {21347BFF-C2F5-48FC-BD92-CC2A871BF068}
		{D4B45C1E-3940-4F9C-818B-1974160E81CB} = {5CC39C60-94CE-4370-8CE9-0434F17DE911}
		{C28F07FA-C512-4E49-9B9B-7DA2721F4795} = {5CC39C60-94CE-4370-8CE9-0434F17DE911}
		{387664A9-845D-4E9F-BA2E-C02F4441B446} = {1FC631B4-7754-4BD5-A7CB-B4C62BE4FACF}
		{AF69C1F7-0ACB-4198-81D8-F8E1902BB7E0} = {1FC631B4-7754-4BD5-A7CB-B4C62BE4FACF}
		{7D4AED0F-59B0-44DF-A407-E5A95FEB309D} = {BE5F4927-ABAC-478C-98C6-EED4EDFA4E87}
		{5D1E77DF-48AF-4DEF-B09C-B7E539F5E97F} = {950BAF54-7A5E-4F40-BCDA-B88F058465E0}
		{ED261789-C284-435B-AB07-7A7CD5B76A39} = {1FC631B4-7754-4BD5-A7CB-B4C62BE4FACF}
	EndGlobalSection
	GlobalSection(ProjectConfigurationPlatforms) = postSolution
		{D4B45C1E-3940-4F9C-818B-1974160E81CB}.Debug|Any CPU.ActiveCfg = Debug|Any CPU
		{D4B45C1E-3940-4F9C-818B-1974160E81CB}.Debug|Any CPU.Build.0 = Debug|Any CPU
		{D4B45C1E-3940-4F9C-818B-1974160E81CB}.Release|Any CPU.ActiveCfg = Release|Any CPU
		{D4B45C1E-3940-4F9C-818B-1974160E81CB}.Release|Any CPU.Build.0 = Release|Any CPU
		{C28F07FA-C512-4E49-9B9B-7DA2721F4795}.Debug|Any CPU.ActiveCfg = Debug|Any CPU
		{C28F07FA-C512-4E49-9B9B-7DA2721F4795}.Debug|Any CPU.Build.0 = Debug|Any CPU
		{C28F07FA-C512-4E49-9B9B-7DA2721F4795}.Release|Any CPU.ActiveCfg = Release|Any CPU
		{C28F07FA-C512-4E49-9B9B-7DA2721F4795}.Release|Any CPU.Build.0 = Release|Any CPU
		{387664A9-845D-4E9F-BA2E-C02F4441B446}.Debug|Any CPU.ActiveCfg = Debug|Any CPU
		{387664A9-845D-4E9F-BA2E-C02F4441B446}.Debug|Any CPU.Build.0 = Debug|Any CPU
		{387664A9-845D-4E9F-BA2E-C02F4441B446}.Release|Any CPU.ActiveCfg = Release|Any CPU
		{387664A9-845D-4E9F-BA2E-C02F4441B446}.Release|Any CPU.Build.0 = Release|Any CPU
		{AF69C1F7-0ACB-4198-81D8-F8E1902BB7E0}.Debug|Any CPU.ActiveCfg = Debug|Any CPU
		{AF69C1F7-0ACB-4198-81D8-F8E1902BB7E0}.Debug|Any CPU.Build.0 = Debug|Any CPU
		{AF69C1F7-0ACB-4198-81D8-F8E1902BB7E0}.Release|Any CPU.ActiveCfg = Release|Any CPU
		{AF69C1F7-0ACB-4198-81D8-F8E1902BB7E0}.Release|Any CPU.Build.0 = Release|Any CPU
		{7D4AED0F-59B0-44DF-A407-E5A95FEB309D}.Debug|Any CPU.ActiveCfg = Debug|Any CPU
		{7D4AED0F-59B0-44DF-A407-E5A95FEB309D}.Debug|Any CPU.Build.0 = Debug|Any CPU
		{7D4AED0F-59B0-44DF-A407-E5A95FEB309D}.Release|Any CPU.ActiveCfg = Release|Any CPU
		{7D4AED0F-59B0-44DF-A407-E5A95FEB309D}.Release|Any CPU.Build.0 = Release|Any CPU
		{5D1E77DF-48AF-4DEF-B09C-B7E539F5E97F}.Debug|Any CPU.ActiveCfg = Debug|Any CPU
		{5D1E77DF-48AF-4DEF-B09C-B7E539F5E97F}.Debug|Any CPU.Build.0 = Debug|Any CPU
		{5D1E77DF-48AF-4DEF-B09C-B7E539F5E97F}.Release|Any CPU.ActiveCfg = Release|Any CPU
		{5D1E77DF-48AF-4DEF-B09C-B7E539F5E97F}.Release|Any CPU.Build.0 = Release|Any CPU
		{ED261789-C284-435B-AB07-7A7CD5B76A39}.Debug|Any CPU.ActiveCfg = Debug|Any CPU
		{ED261789-C284-435B-AB07-7A7CD5B76A39}.Debug|Any CPU.Build.0 = Debug|Any CPU
		{ED261789-C284-435B-AB07-7A7CD5B76A39}.Release|Any CPU.ActiveCfg = Release|Any CPU
		{ED261789-C284-435B-AB07-7A7CD5B76A39}.Release|Any CPU.Build.0 = Release|Any CPU
	EndGlobalSection
EndGlobal
